// !$*UTF8*$!
{
	archiveVersion = 1;
	classes = {
	};
	objectVersion = 46;
	objects = {

/* Begin PBXBuildFile section */
		5F5023A71D75154D004E3F3E /* AppDelegate.swift in Sources */ = {isa = PBXBuildFile; fileRef = 5F5023A61D75154D004E3F3E /* AppDelegate.swift */; };
		5F5023A91D75154D004E3F3E /* ViewController.swift in Sources */ = {isa = PBXBuildFile; fileRef = 5F5023A81D75154D004E3F3E /* ViewController.swift */; };
		5F5023AC1D75154D004E3F3E /* Main.storyboard in Resources */ = {isa = PBXBuildFile; fileRef = 5F5023AA1D75154D004E3F3E /* Main.storyboard */; };
		5F5023AE1D75154D004E3F3E /* Assets.xcassets in Resources */ = {isa = PBXBuildFile; fileRef = 5F5023AD1D75154D004E3F3E /* Assets.xcassets */; };
		5F5023B11D75154D004E3F3E /* LaunchScreen.storyboard in Resources */ = {isa = PBXBuildFile; fileRef = 5F5023AF1D75154D004E3F3E /* LaunchScreen.storyboard */; };
		5F5023BC1D75154D004E3F3E /* CustomViewTests.swift in Sources */ = {isa = PBXBuildFile; fileRef = 5F5023BB1D75154D004E3F3E /* CustomViewTests.swift */; };
		5F5023C71D75154D004E3F3E /* CustomViewUITests.swift in Sources */ = {isa = PBXBuildFile; fileRef = 5F5023C61D75154D004E3F3E /* CustomViewUITests.swift */; };
		5F5023D51D75155C004E3F3E /* View.xib in Resources */ = {isa = PBXBuildFile; fileRef = 5F5023D41D75155C004E3F3E /* View.xib */; };
		5F5023D71D751567004E3F3E /* View.swift in Sources */ = {isa = PBXBuildFile; fileRef = 5F5023D61D751567004E3F3E /* View.swift */; };
/* End PBXBuildFile section */

/* Begin PBXContainerItemProxy section */
		5F5023B81D75154D004E3F3E /* PBXContainerItemProxy */ = {
			isa = PBXContainerItemProxy;
			containerPortal = 5F50239B1D75154D004E3F3E /* Project object */;
			proxyType = 1;
			remoteGlobalIDString = 5F5023A21D75154D004E3F3E;
			remoteInfo = CustomView;
		};
		5F5023C31D75154D004E3F3E /* PBXContainerItemProxy */ = {
			isa = PBXContainerItemProxy;
			containerPortal = 5F50239B1D75154D004E3F3E /* Project object */;
			proxyType = 1;
			remoteGlobalIDString = 5F5023A21D75154D004E3F3E;
			remoteInfo = CustomView;
		};
/* End PBXContainerItemProxy section */

/* Begin PBXFileReference section */
		5F5023A31D75154D004E3F3E /* CustomView.app */ = {isa = PBXFileReference; explicitFileType = wrapper.application; includeInIndex = 0; path = CustomView.app; sourceTree = BUILT_PRODUCTS_DIR; };
		5F5023A61D75154D004E3F3E /* AppDelegate.swift */ = {isa = PBXFileReference; lastKnownFileType = sourcecode.swift; path = AppDelegate.swift; sourceTree = "<group>"; };
		5F5023A81D75154D004E3F3E /* ViewController.swift */ = {isa = PBXFileReference; lastKnownFileType = sourcecode.swift; path = ViewController.swift; sourceTree = "<group>"; };
		5F5023AB1D75154D004E3F3E /* Base */ = {isa = PBXFileReference; lastKnownFileType = file.storyboard; name = Base; path = Base.lproj/Main.storyboard; sourceTree = "<group>"; };
		5F5023AD1D75154D004E3F3E /* Assets.xcassets */ = {isa = PBXFileReference; lastKnownFileType = folder.assetcatalog; path = Assets.xcassets; sourceTree = "<group>"; };
		5F5023B01D75154D004E3F3E /* Base */ = {isa = PBXFileReference; lastKnownFileType = file.storyboard; name = Base; path = Base.lproj/LaunchScreen.storyboard; sourceTree = "<group>"; };
		5F5023B21D75154D004E3F3E /* Info.plist */ = {isa = PBXFileReference; lastKnownFileType = text.plist.xml; path = Info.plist; sourceTree = "<group>"; };
		5F5023B71D75154D004E3F3E /* CustomViewTests.xctest */ = {isa = PBXFileReference; explicitFileType = wrapper.cfbundle; includeInIndex = 0; path = CustomViewTests.xctest; sourceTree = BUILT_PRODUCTS_DIR; };
		5F5023BB1D75154D004E3F3E /* CustomViewTests.swift */ = {isa = PBXFileReference; lastKnownFileType = sourcecode.swift; path = CustomViewTests.swift; sourceTree = "<group>"; };
		5F5023BD1D75154D004E3F3E /* Info.plist */ = {isa = PBXFileReference; lastKnownFileType = text.plist.xml; path = Info.plist; sourceTree = "<group>"; };
		5F5023C21D75154D004E3F3E /* CustomViewUITests.xctest */ = {isa = PBXFileReference; explicitFileType = wrapper.cfbundle; includeInIndex = 0; path = CustomViewUITests.xctest; sourceTree = BUILT_PRODUCTS_DIR; };
		5F5023C61D75154D004E3F3E /* CustomViewUITests.swift */ = {isa = PBXFileReference; lastKnownFileType = sourcecode.swift; path = CustomViewUITests.swift; sourceTree = "<group>"; };
		5F5023C81D75154D004E3F3E /* Info.plist */ = {isa = PBXFileReference; lastKnownFileType = text.plist.xml; path = Info.plist; sourceTree = "<group>"; };
		5F5023D41D75155C004E3F3E /* View.xib */ = {isa = PBXFileReference; fileEncoding = 4; lastKnownFileType = file.xib; path = View.xib; sourceTree = "<group>"; };
		5F5023D61D751567004E3F3E /* View.swift */ = {isa = PBXFileReference; fileEncoding = 4; lastKnownFileType = sourcecode.swift; path = View.swift; sourceTree = "<group>"; };
/* End PBXFileReference section */

/* Begin PBXFrameworksBuildPhase section */
		5F5023A01D75154D004E3F3E /* Frameworks */ = {
			isa = PBXFrameworksBuildPhase;
			buildActionMask = 2147483647;
			files = (
			);
			runOnlyForDeploymentPostprocessing = 0;
		};
		5F5023B41D75154D004E3F3E /* Frameworks */ = {
			isa = PBXFrameworksBuildPhase;
			buildActionMask = 2147483647;
			files = (
			);
			runOnlyForDeploymentPostprocessing = 0;
		};
		5F5023BF1D75154D004E3F3E /* Frameworks */ = {
			isa = PBXFrameworksBuildPhase;
			buildActionMask = 2147483647;
			files = (
			);
			runOnlyForDeploymentPostprocessing = 0;
		};
/* End PBXFrameworksBuildPhase section */

/* Begin PBXGroup section */
		5F50239A1D75154D004E3F3E = {
			isa = PBXGroup;
			children = (
				5F5023A51D75154D004E3F3E /* CustomView */,
				5F5023BA1D75154D004E3F3E /* CustomViewTests */,
				5F5023C51D75154D004E3F3E /* CustomViewUITests */,
				5F5023A41D75154D004E3F3E /* Products */,
			);
			sourceTree = "<group>";
		};
		5F5023A41D75154D004E3F3E /* Products */ = {
			isa = PBXGroup;
			children = (
				5F5023A31D75154D004E3F3E /* CustomView.app */,
				5F5023B71D75154D004E3F3E /* CustomViewTests.xctest */,
				5F5023C21D75154D004E3F3E /* CustomViewUITests.xctest */,
			);
			name = Products;
			sourceTree = "<group>";
		};
		5F5023A51D75154D004E3F3E /* CustomView */ = {
			isa = PBXGroup;
			children = (
				5F5023A61D75154D004E3F3E /* AppDelegate.swift */,
				5F5023A81D75154D004E3F3E /* ViewController.swift */,
				5F5023D61D751567004E3F3E /* View.swift */,
				5F5023D41D75155C004E3F3E /* View.xib */,
				5F5023AA1D75154D004E3F3E /* Main.storyboard */,
				5F5023AD1D75154D004E3F3E /* Assets.xcassets */,
				5F5023AF1D75154D004E3F3E /* LaunchScreen.storyboard */,
				5F5023B21D75154D004E3F3E /* Info.plist */,
			);
			path = CustomView;
			sourceTree = "<group>";
		};
		5F5023BA1D75154D004E3F3E /* CustomViewTests */ = {
			isa = PBXGroup;
			children = (
				5F5023BB1D75154D004E3F3E /* CustomViewTests.swift */,
				5F5023BD1D75154D004E3F3E /* Info.plist */,
			);
			path = CustomViewTests;
			sourceTree = "<group>";
		};
		5F5023C51D75154D004E3F3E /* CustomViewUITests */ = {
			isa = PBXGroup;
			children = (
				5F5023C61D75154D004E3F3E /* CustomViewUITests.swift */,
				5F5023C81D75154D004E3F3E /* Info.plist */,
			);
			path = CustomViewUITests;
			sourceTree = "<group>";
		};
/* End PBXGroup section */

/* Begin PBXNativeTarget section */
		5F5023A21D75154D004E3F3E /* CustomView */ = {
			isa = PBXNativeTarget;
			buildConfigurationList = 5F5023CB1D75154D004E3F3E /* Build configuration list for PBXNativeTarget "CustomView" */;
			buildPhases = (
				5F50239F1D75154D004E3F3E /* Sources */,
				5F5023A01D75154D004E3F3E /* Frameworks */,
				5F5023A11D75154D004E3F3E /* Resources */,
			);
			buildRules = (
			);
			dependencies = (
			);
			name = CustomView;
			productName = CustomView;
			productReference = 5F5023A31D75154D004E3F3E /* CustomView.app */;
			productType = "com.apple.product-type.application";
		};
		5F5023B61D75154D004E3F3E /* CustomViewTests */ = {
			isa = PBXNativeTarget;
			buildConfigurationList = 5F5023CE1D75154D004E3F3E /* Build configuration list for PBXNativeTarget "CustomViewTests" */;
			buildPhases = (
				5F5023B31D75154D004E3F3E /* Sources */,
				5F5023B41D75154D004E3F3E /* Frameworks */,
				5F5023B51D75154D004E3F3E /* Resources */,
			);
			buildRules = (
			);
			dependencies = (
				5F5023B91D75154D004E3F3E /* PBXTargetDependency */,
			);
			name = CustomViewTests;
			productName = CustomViewTests;
			productReference = 5F5023B71D75154D004E3F3E /* CustomViewTests.xctest */;
			productType = "com.apple.product-type.bundle.unit-test";
		};
		5F5023C11D75154D004E3F3E /* CustomViewUITests */ = {
			isa = PBXNativeTarget;
			buildConfigurationList = 5F5023D11D75154D004E3F3E /* Build configuration list for PBXNativeTarget "CustomViewUITests" */;
			buildPhases = (
				5F5023BE1D75154D004E3F3E /* Sources */,
				5F5023BF1D75154D004E3F3E /* Frameworks */,
				5F5023C01D75154D004E3F3E /* Resources */,
			);
			buildRules = (
			);
			dependencies = (
				5F5023C41D75154D004E3F3E /* PBXTargetDependency */,
			);
			name = CustomViewUITests;
			productName = CustomViewUITests;
			productReference = 5F5023C21D75154D004E3F3E /* CustomViewUITests.xctest */;
			productType = "com.apple.product-type.bundle.ui-testing";
		};
/* End PBXNativeTarget section */

/* Begin PBXProject section */
		5F50239B1D75154D004E3F3E /* Project object */ = {
			isa = PBXProject;
			attributes = {
				LastSwiftUpdateCheck = 0730;
				LastUpgradeCheck = 0730;
				ORGANIZATIONNAME = KumagaiNaoki;
				TargetAttributes = {
					5F5023A21D75154D004E3F3E = {
						CreatedOnToolsVersion = 7.3.1;
					};
					5F5023B61D75154D004E3F3E = {
						CreatedOnToolsVersion = 7.3.1;
						TestTargetID = 5F5023A21D75154D004E3F3E;
					};
					5F5023C11D75154D004E3F3E = {
						CreatedOnToolsVersion = 7.3.1;
						TestTargetID = 5F5023A21D75154D004E3F3E;
					};
				};
			};
			buildConfigurationList = 5F50239E1D75154D004E3F3E /* Build configuration list for PBXProject "CustomView" */;
			compatibilityVersion = "Xcode 3.2";
			developmentRegion = English;
			hasScannedForEncodings = 0;
			knownRegions = (
				en,
				Base,
			);
			mainGroup = 5F50239A1D75154D004E3F3E;
			productRefGroup = 5F5023A41D75154D004E3F3E /* Products */;
			projectDirPath = "";
			projectRoot = "";
			targets = (
				5F5023A21D75154D004E3F3E /* CustomView */,
				5F5023B61D75154D004E3F3E /* CustomViewTests */,
				5F5023C11D75154D004E3F3E /* CustomViewUITests */,
			);
		};
/* End PBXProject section */

/* Begin PBXResourcesBuildPhase section */
		5F5023A11D75154D004E3F3E /* Resources */ = {
			isa = PBXResourcesBuildPhase;
			buildActionMask = 2147483647;
			files = (
				5F5023D51D75155C004E3F3E /* View.xib in Resources */,
				5F5023B11D75154D004E3F3E /* LaunchScreen.storyboard in Resources */,
				5F5023AE1D75154D004E3F3E /* Assets.xcassets in Resources */,
				5F5023AC1D75154D004E3F3E /* Main.storyboard in Resources */,
			);
			runOnlyForDeploymentPostprocessing = 0;
		};
		5F5023B51D75154D004E3F3E /* Resources */ = {
			isa = PBXResourcesBuildPhase;
			buildActionMask = 2147483647;
			files = (
			);
			runOnlyForDeploymentPostprocessing = 0;
		};
		5F5023C01D75154D004E3F3E /* Resources */ = {
			isa = PBXResourcesBuildPhase;
			buildActionMask = 2147483647;
			files = (
			);
			runOnlyForDeploymentPostprocessing = 0;
		};
/* End PBXResourcesBuildPhase section */

/* Begin PBXSourcesBuildPhase section */
		5F50239F1D75154D004E3F3E /* Sources */ = {
			isa = PBXSourcesBuildPhase;
			buildActionMask = 2147483647;
			files = (
				5F5023A91D75154D004E3F3E /* ViewController.swift in Sources */,
				5F5023A71D75154D004E3F3E /* AppDelegate.swift in Sources */,
				5F5023D71D751567004E3F3E /* View.swift in Sources */,
			);
			runOnlyForDeploymentPostprocessing = 0;
		};
		5F5023B31D75154D004E3F3E /* Sources */ = {
			isa = PBXSourcesBuildPhase;
			buildActionMask = 2147483647;
			files = (
				5F5023BC1D75154D004E3F3E /* CustomViewTests.swift in Sources */,
			);
			runOnlyForDeploymentPostprocessing = 0;
		};
		5F5023BE1D75154D004E3F3E /* Sources */ = {
			isa = PBXSourcesBuildPhase;
			buildActionMask = 2147483647;
			files = (
				5F5023C71D75154D004E3F3E /* CustomViewUITests.swift in Sources */,
			);
			runOnlyForDeploymentPostprocessing = 0;
		};
/* End PBXSourcesBuildPhase section */

/* Begin PBXTargetDependency section */
		5F5023B91D75154D004E3F3E /* PBXTargetDependency */ = {
			isa = PBXTargetDependency;
			target = 5F5023A21D75154D004E3F3E /* CustomView */;
			targetProxy = 5F5023B81D75154D004E3F3E /* PBXContainerItemProxy */;
		};
		5F5023C41D75154D004E3F3E /* PBXTargetDependency */ = {
			isa = PBXTargetDependency;
			target = 5F5023A21D75154D004E3F3E /* CustomView */;
			targetProxy = 5F5023C31D75154D004E3F3E /* PBXContainerItemProxy */;
		};
/* End PBXTargetDependency section */

/* Begin PBXVariantGroup section */
		5F5023AA1D75154D004E3F3E /* Main.storyboard */ = {
			isa = PBXVariantGroup;
			children = (
				5F5023AB1D75154D004E3F3E /* Base */,
			);
			name = Main.storyboard;
			sourceTree = "<group>";
		};
		5F5023AF1D75154D004E3F3E /* LaunchScreen.storyboard */ = {
			isa = PBXVariantGroup;
			children = (
				5F5023B01D75154D004E3F3E /* Base */,
			);
			name = LaunchScreen.storyboard;
			sourceTree = "<group>";
		};
/* End PBXVariantGroup section */

/* Begin XCBuildConfiguration section */
		5F5023C91D75154D004E3F3E /* Debug */ = {
			isa = XCBuildConfiguration;
			buildSettings = {
				ALWAYS_SEARCH_USER_PATHS = NO;
				CLANG_ANALYZER_NONNULL = YES;
				CLANG_CXX_LANGUAGE_STANDARD = "gnu++0x";
				CLANG_CXX_LIBRARY = "libc++";
				CLANG_ENABLE_MODULES = YES;
				CLANG_ENABLE_OBJC_ARC = YES;
				CLANG_WARN_BOOL_CONVERSION = YES;
				CLANG_WARN_CONSTANT_CONVERSION = YES;
				CLANG_WARN_DIRECT_OBJC_ISA_USAGE = YES_ERROR;
				CLANG_WARN_EMPTY_BODY = YES;
				CLANG_WARN_ENUM_CONVERSION = YES;
				CLANG_WARN_INT_CONVERSION = YES;
				CLANG_WARN_OBJC_ROOT_CLASS = YES_ERROR;
				CLANG_WARN_UNREACHABLE_CODE = YES;
				CLANG_WARN__DUPLICATE_METHOD_MATCH = YES;
				"CODE_SIGN_IDENTITY[sdk=iphoneos*]" = "iPhone Developer";
				COPY_PHASE_STRIP = NO;
				DEBUG_INFORMATION_FORMAT = dwarf;
				ENABLE_STRICT_OBJC_MSGSEND = YES;
				ENABLE_TESTABILITY = YES;
				GCC_C_LANGUAGE_STANDARD = gnu99;
				GCC_DYNAMIC_NO_PIC = NO;
				GCC_NO_COMMON_BLOCKS = YES;
				GCC_OPTIMIZATION_LEVEL = 0;
				GCC_PREPROCESSOR_DEFINITIONS = (
					"DEBUG=1",
					"$(inherited)",
				);
				GCC_WARN_64_TO_32_BIT_CONVERSION = YES;
				GCC_WARN_ABOUT_RETURN_TYPE = YES_ERROR;
				GCC_WARN_UNDECLARED_SELECTOR = YES;
				GCC_WARN_UNINITIALIZED_AUTOS = YES_AGGRESSIVE;
				GCC_WARN_UNUSED_FUNCTION = YES;
				GCC_WARN_UNUSED_VARIABLE = YES;
				IPHONEOS_DEPLOYMENT_TARGET = 9.3;
				MTL_ENABLE_DEBUG_INFO = YES;
				ONLY_ACTIVE_ARCH = YES;
				SDKROOT = iphoneos;
				SWIFT_OPTIMIZATION_LEVEL = "-Onone";
			};
			name = Debug;
		};
		5F5023CA1D75154D004E3F3E /* Release */ = {
			isa = XCBuildConfiguration;
			buildSettings = {
				ALWAYS_SEARCH_USER_PATHS = NO;
				CLANG_ANALYZER_NONNULL = YES;
				CLANG_CXX_LANGUAGE_STANDARD = "gnu++0x";
				CLANG_CXX_LIBRARY = "libc++";
				CLANG_ENABLE_MODULES = YES;
				CLANG_ENABLE_OBJC_ARC = YES;
				CLANG_WARN_BOOL_CONVERSION = YES;
				CLANG_WARN_CONSTANT_CONVERSION = YES;
				CLANG_WARN_DIRECT_OBJC_ISA_USAGE = YES_ERROR;
				CLANG_WARN_EMPTY_BODY = YES;
				CLANG_WARN_ENUM_CONVERSION = YES;
				CLANG_WARN_INT_CONVERSION = YES;
				CLANG_WARN_OBJC_ROOT_CLASS = YES_ERROR;
				CLANG_WARN_UNREACHABLE_CODE = YES;
				CLANG_WARN__DUPLICATE_METHOD_MATCH = YES;
				"CODE_SIGN_IDENTITY[sdk=iphoneos*]" = "iPhone Developer";
				COPY_PHASE_STRIP = NO;
				DEBUG_INFORMATION_FORMAT = "dwarf-with-dsym";
				ENABLE_NS_ASSERTIONS = NO;
				ENABLE_STRICT_OBJC_MSGSEND = YES;
				GCC_C_LANGUAGE_STANDARD = gnu99;
				GCC_NO_COMMON_BLOCKS = YES;
				GCC_WARN_64_TO_32_BIT_CONVERSION = YES;
				GCC_WARN_ABOUT_RETURN_TYPE = YES_ERROR;
				GCC_WARN_UNDECLARED_SELECTOR = YES;
				GCC_WARN_UNINITIALIZED_AUTOS = YES_AGGRESSIVE;
				GCC_WARN_UNUSED_FUNCTION = YES;
				GCC_WARN_UNUSED_VARIABLE = YES;
				IPHONEOS_DEPLOYMENT_TARGET = 9.3;
				MTL_ENABLE_DEBUG_INFO = NO;
				SDKROOT = iphoneos;
				VALIDATE_PRODUCT = YES;
			};
			name = Release;
		};
		5F5023CC1D75154D004E3F3E /* Debug */ = {
			isa = XCBuildConfiguration;
			buildSettings = {
				ASSETCATALOG_COMPILER_APPICON_NAME = AppIcon;
				INFOPLIST_FILE = CustomView/Info.plist;
				LD_RUNPATH_SEARCH_PATHS = "$(inherited) @executable_path/Frameworks";
				PRODUCT_BUNDLE_IDENTIFIER = naoki.kumagai.CustomView;
				PRODUCT_NAME = "$(TARGET_NAME)";
			};
			name = Debug;
		};
		5F5023CD1D75154D004E3F3E /* Release */ = {
			isa = XCBuildConfiguration;
			buildSettings = {
				ASSETCATALOG_COMPILER_APPICON_NAME = AppIcon;
				INFOPLIST_FILE = CustomView/Info.plist;
				LD_RUNPATH_SEARCH_PATHS = "$(inherited) @executable_path/Frameworks";
				PRODUCT_BUNDLE_IDENTIFIER = naoki.kumagai.CustomView;
				PRODUCT_NAME = "$(TARGET_NAME)";
			};
			name = Release;
		};
		5F5023CF1D75154D004E3F3E /* Debug */ = {
			isa = XCBuildConfiguration;
			buildSettings = {
				BUNDLE_LOADER = "$(TEST_HOST)";
				INFOPLIST_FILE = CustomViewTests/Info.plist;
				LD_RUNPATH_SEARCH_PATHS = "$(inherited) @executable_path/Frameworks @loader_path/Frameworks";
				PRODUCT_BUNDLE_IDENTIFIER = naoki.kumagai.CustomViewTests;
				PRODUCT_NAME = "$(TARGET_NAME)";
				TEST_HOST = "$(BUILT_PRODUCTS_DIR)/CustomView.app/CustomView";
			};
			name = Debug;
		};
		5F5023D01D75154D004E3F3E /* Release */ = {
			isa = XCBuildConfiguration;
			buildSettings = {
				BUNDLE_LOADER = "$(TEST_HOST)";
				INFOPLIST_FILE = CustomViewTests/Info.plist;
				LD_RUNPATH_SEARCH_PATHS = "$(inherited) @executable_path/Frameworks @loader_path/Frameworks";
				PRODUCT_BUNDLE_IDENTIFIER = naoki.kumagai.CustomViewTests;
				PRODUCT_NAME = "$(TARGET_NAME)";
				TEST_HOST = "$(BUILT_PRODUCTS_DIR)/CustomView.app/CustomView";
			};
			name = Release;
		};
		5F5023D21D75154D004E3F3E /* Debug */ = {
			isa = XCBuildConfiguration;
			buildSettings = {
				INFOPLIST_FILE = CustomViewUITests/Info.plist;
				LD_RUNPATH_SEARCH_PATHS = "$(inherited) @executable_path/Frameworks @loader_path/Frameworks";
				PRODUCT_BUNDLE_IDENTIFIER = naoki.kumagai.CustomViewUITests;
				PRODUCT_NAME = "$(TARGET_NAME)";
				TEST_TARGET_NAME = CustomView;
			};
			name = Debug;
		};
		5F5023D31D75154D004E3F3E /* Release */ = {
			isa = XCBuildConfiguration;
			buildSettings = {
				INFOPLIST_FILE = CustomViewUITests/Info.plist;
				LD_RUNPATH_SEARCH_PATHS = "$(inherited) @executable_path/Frameworks @loader_path/Frameworks";
				PRODUCT_BUNDLE_IDENTIFIER = naoki.kumagai.CustomViewUITests;
				PRODUCT_NAME = "$(TARGET_NAME)";
				TEST_TARGET_NAME = CustomView;
			};
			name = Release;
		};
/* End XCBuildConfiguration section */

/* Begin XCConfigurationList section */
		5F50239E1D75154D004E3F3E /* Build configuration list for PBXProject "CustomView" */ = {
			isa = XCConfigurationList;
			buildConfigurations = (
				5F5023C91D75154D004E3F3E /* Debug */,
				5F5023CA1D75154D004E3F3E /* Release */,
			);
			defaultConfigurationIsVisible = 0;
			defaultConfigurationName = Release;
		};
		5F5023CB1D75154D004E3F3E /* Build configuration list for PBXNativeTarget "CustomView" */ = {
			isa = XCConfigurationList;
			buildConfigurations = (
				5F5023CC1D75154D004E3F3E /* Debug */,
				5F5023CD1D75154D004E3F3E /* Release */,
			);
			defaultConfigurationIsVisible = 0;
		};
		5F5023CE1D75154D004E3F3E /* Build configuration list for PBXNativeTarget "CustomViewTests" */ = {
			isa = XCConfigurationList;
			buildConfigurations = (
				5F5023CF1D75154D004E3F3E /* Debug */,
				5F5023D01D75154D004E3F3E /* Release */,
			);
			defaultConfigurationIsVisible = 0;
		};
		5F5023D11D75154D004E3F3E /* Build configuration list for PBXNativeTarget "CustomViewUITests" */ = {
			isa = XCConfigurationList;
			buildConfigurations = (
				5F5023D21D75154D004E3F3E /* Debug */,
				5F5023D31D75154D004E3F3E /* Release */,
			);
			defaultConfigurationIsVisible = 0;
		};
/* End XCConfigurationList section */
	};
	rootObject = 5F50239B1D75154D004E3F3E /* Project object */;
}
